// !$*UTF8*$!
{
	archiveVersion = 1;
	classes = {
	};
	objectVersion = 55;
	objects = {

/* Begin PBXBuildFile section */
		B1524462289941CB007F1C21 /* AppDelegate.swift in Sources */ = {isa = PBXBuildFile; fileRef = B1524461289941CB007F1C21 /* AppDelegate.swift */; };
		B1524464289941CB007F1C21 /* SceneDelegate.swift in Sources */ = {isa = PBXBuildFile; fileRef = B1524463289941CB007F1C21 /* SceneDelegate.swift */; };
		B1524466289941CB007F1C21 /* ViewController.swift in Sources */ = {isa = PBXBuildFile; fileRef = B1524465289941CB007F1C21 /* ViewController.swift */; };
		B1524469289941CB007F1C21 /* Main.storyboard in Resources */ = {isa = PBXBuildFile; fileRef = B1524467289941CB007F1C21 /* Main.storyboard */; };
		B152446C289941CB007F1C21 /* PassHeap.xcdatamodeld in Sources */ = {isa = PBXBuildFile; fileRef = B152446A289941CB007F1C21 /* PassHeap.xcdatamodeld */; };
		B152446E289941CC007F1C21 /* Assets.xcassets in Resources */ = {isa = PBXBuildFile; fileRef = B152446D289941CC007F1C21 /* Assets.xcassets */; };
		B1524471289941CC007F1C21 /* LaunchScreen.storyboard in Resources */ = {isa = PBXBuildFile; fileRef = B152446F289941CC007F1C21 /* LaunchScreen.storyboard */; };
		B152447C289941CD007F1C21 /* PassHeapTests.swift in Sources */ = {isa = PBXBuildFile; fileRef = B152447B289941CD007F1C21 /* PassHeapTests.swift */; };
		B1524486289941CD007F1C21 /* PassHeapUITests.swift in Sources */ = {isa = PBXBuildFile; fileRef = B1524485289941CD007F1C21 /* PassHeapUITests.swift */; };
		B1524488289941CD007F1C21 /* PassHeapUITestsLaunchTests.swift in Sources */ = {isa = PBXBuildFile; fileRef = B1524487289941CD007F1C21 /* PassHeapUITestsLaunchTests.swift */; };
		CAC888471D38CE9D9E354664 /* Pods_PassHeap_PassHeapUITests.framework in Frameworks */ = {isa = PBXBuildFile; fileRef = 6E58A7B38757B07F9341B766 /* Pods_PassHeap_PassHeapUITests.framework */; };
		DD7C84A07AFA906EE76F97A4 /* Pods_PassHeap.framework in Frameworks */ = {isa = PBXBuildFile; fileRef = E2C78B8577F61FCCCDC73B10 /* Pods_PassHeap.framework */; };
		FD00D75FD5C748BF8BE67938 /* Pods_PassHeapTests.framework in Frameworks */ = {isa = PBXBuildFile; fileRef = 31914C5D52983A1D50360522 /* Pods_PassHeapTests.framework */; };
/* End PBXBuildFile section */

/* Begin PBXContainerItemProxy section */
		B1524478289941CD007F1C21 /* PBXContainerItemProxy */ = {
			isa = PBXContainerItemProxy;
			containerPortal = B1524456289941CB007F1C21 /* Project object */;
			proxyType = 1;
			remoteGlobalIDString = B152445D289941CB007F1C21;
			remoteInfo = PassHeap;
		};
		B1524482289941CD007F1C21 /* PBXContainerItemProxy */ = {
			isa = PBXContainerItemProxy;
			containerPortal = B1524456289941CB007F1C21 /* Project object */;
			proxyType = 1;
			remoteGlobalIDString = B152445D289941CB007F1C21;
			remoteInfo = PassHeap;
		};
/* End PBXContainerItemProxy section */

/* Begin PBXFileReference section */
		29E24BF5F2D88D0EE916C720 /* Pods-PassHeapTests.debug.xcconfig */ = {isa = PBXFileReference; includeInIndex = 1; lastKnownFileType = text.xcconfig; name = "Pods-PassHeapTests.debug.xcconfig"; path = "Target Support Files/Pods-PassHeapTests/Pods-PassHeapTests.debug.xcconfig"; sourceTree = "<group>"; };
		31914C5D52983A1D50360522 /* Pods_PassHeapTests.framework */ = {isa = PBXFileReference; explicitFileType = wrapper.framework; includeInIndex = 0; path = Pods_PassHeapTests.framework; sourceTree = BUILT_PRODUCTS_DIR; };
		6E58A7B38757B07F9341B766 /* Pods_PassHeap_PassHeapUITests.framework */ = {isa = PBXFileReference; explicitFileType = wrapper.framework; includeInIndex = 0; path = Pods_PassHeap_PassHeapUITests.framework; sourceTree = BUILT_PRODUCTS_DIR; };
		7B8385C59DD48F07F21797CF /* Pods-PassHeapTests.release.xcconfig */ = {isa = PBXFileReference; includeInIndex = 1; lastKnownFileType = text.xcconfig; name = "Pods-PassHeapTests.release.xcconfig"; path = "Target Support Files/Pods-PassHeapTests/Pods-PassHeapTests.release.xcconfig"; sourceTree = "<group>"; };
		9C41A4B69EA1749046E03082 /* Pods-PassHeap.debug.xcconfig */ = {isa = PBXFileReference; includeInIndex = 1; lastKnownFileType = text.xcconfig; name = "Pods-PassHeap.debug.xcconfig"; path = "Target Support Files/Pods-PassHeap/Pods-PassHeap.debug.xcconfig"; sourceTree = "<group>"; };
		9F43BF6D2F808398FC2A8113 /* Pods-PassHeap-PassHeapUITests.debug.xcconfig */ = {isa = PBXFileReference; includeInIndex = 1; lastKnownFileType = text.xcconfig; name = "Pods-PassHeap-PassHeapUITests.debug.xcconfig"; path = "Target Support Files/Pods-PassHeap-PassHeapUITests/Pods-PassHeap-PassHeapUITests.debug.xcconfig"; sourceTree = "<group>"; };
		AE2D9889EB29ACAE6205D17B /* Pods-PassHeap-PassHeapUITests.release.xcconfig */ = {isa = PBXFileReference; includeInIndex = 1; lastKnownFileType = text.xcconfig; name = "Pods-PassHeap-PassHeapUITests.release.xcconfig"; path = "Target Support Files/Pods-PassHeap-PassHeapUITests/Pods-PassHeap-PassHeapUITests.release.xcconfig"; sourceTree = "<group>"; };
		B152445E289941CB007F1C21 /* PassHeap.app */ = {isa = PBXFileReference; explicitFileType = wrapper.application; includeInIndex = 0; path = PassHeap.app; sourceTree = BUILT_PRODUCTS_DIR; };
		B1524461289941CB007F1C21 /* AppDelegate.swift */ = {isa = PBXFileReference; lastKnownFileType = sourcecode.swift; path = AppDelegate.swift; sourceTree = "<group>"; };
		B1524463289941CB007F1C21 /* SceneDelegate.swift */ = {isa = PBXFileReference; lastKnownFileType = sourcecode.swift; path = SceneDelegate.swift; sourceTree = "<group>"; };
		B1524465289941CB007F1C21 /* ViewController.swift */ = {isa = PBXFileReference; lastKnownFileType = sourcecode.swift; path = ViewController.swift; sourceTree = "<group>"; };
		B1524468289941CB007F1C21 /* Base */ = {isa = PBXFileReference; lastKnownFileType = file.storyboard; name = Base; path = Base.lproj/Main.storyboard; sourceTree = "<group>"; };
		B152446B289941CB007F1C21 /* PassHeap.xcdatamodel */ = {isa = PBXFileReference; lastKnownFileType = wrapper.xcdatamodel; path = PassHeap.xcdatamodel; sourceTree = "<group>"; };
		B152446D289941CC007F1C21 /* Assets.xcassets */ = {isa = PBXFileReference; lastKnownFileType = folder.assetcatalog; path = Assets.xcassets; sourceTree = "<group>"; };
		B1524470289941CC007F1C21 /* Base */ = {isa = PBXFileReference; lastKnownFileType = file.storyboard; name = Base; path = Base.lproj/LaunchScreen.storyboard; sourceTree = "<group>"; };
		B1524472289941CC007F1C21 /* Info.plist */ = {isa = PBXFileReference; lastKnownFileType = text.plist.xml; path = Info.plist; sourceTree = "<group>"; };
		B1524477289941CD007F1C21 /* PassHeapTests.xctest */ = {isa = PBXFileReference; explicitFileType = wrapper.cfbundle; includeInIndex = 0; path = PassHeapTests.xctest; sourceTree = BUILT_PRODUCTS_DIR; };
		B152447B289941CD007F1C21 /* PassHeapTests.swift */ = {isa = PBXFileReference; lastKnownFileType = sourcecode.swift; path = PassHeapTests.swift; sourceTree = "<group>"; };
		B1524481289941CD007F1C21 /* PassHeapUITests.xctest */ = {isa = PBXFileReference; explicitFileType = wrapper.cfbundle; includeInIndex = 0; path = PassHeapUITests.xctest; sourceTree = BUILT_PRODUCTS_DIR; };
		B1524485289941CD007F1C21 /* PassHeapUITests.swift */ = {isa = PBXFileReference; lastKnownFileType = sourcecode.swift; path = PassHeapUITests.swift; sourceTree = "<group>"; };
		B1524487289941CD007F1C21 /* PassHeapUITestsLaunchTests.swift */ = {isa = PBXFileReference; lastKnownFileType = sourcecode.swift; path = PassHeapUITestsLaunchTests.swift; sourceTree = "<group>"; };
		C84181B9DC5587E11CB3C977 /* Pods-PassHeap.release.xcconfig */ = {isa = PBXFileReference; includeInIndex = 1; lastKnownFileType = text.xcconfig; name = "Pods-PassHeap.release.xcconfig"; path = "Target Support Files/Pods-PassHeap/Pods-PassHeap.release.xcconfig"; sourceTree = "<group>"; };
		E2C78B8577F61FCCCDC73B10 /* Pods_PassHeap.framework */ = {isa = PBXFileReference; explicitFileType = wrapper.framework; includeInIndex = 0; path = Pods_PassHeap.framework; sourceTree = BUILT_PRODUCTS_DIR; };
/* End PBXFileReference section */

/* Begin PBXFrameworksBuildPhase section */
		B152445B289941CB007F1C21 /* Frameworks */ = {
			isa = PBXFrameworksBuildPhase;
			buildActionMask = 2147483647;
			files = (
				DD7C84A07AFA906EE76F97A4 /* Pods_PassHeap.framework in Frameworks */,
			);
			runOnlyForDeploymentPostprocessing = 0;
		};
		B1524474289941CD007F1C21 /* Frameworks */ = {
			isa = PBXFrameworksBuildPhase;
			buildActionMask = 2147483647;
			files = (
				FD00D75FD5C748BF8BE67938 /* Pods_PassHeapTests.framework in Frameworks */,
			);
			runOnlyForDeploymentPostprocessing = 0;
		};
		B152447E289941CD007F1C21 /* Frameworks */ = {
			isa = PBXFrameworksBuildPhase;
			buildActionMask = 2147483647;
			files = (
				CAC888471D38CE9D9E354664 /* Pods_PassHeap_PassHeapUITests.framework in Frameworks */,
			);
			runOnlyForDeploymentPostprocessing = 0;
		};
/* End PBXFrameworksBuildPhase section */

/* Begin PBXGroup section */
		8CC506CDA4CF5540980CA65E /* Pods */ = {
			isa = PBXGroup;
			children = (
				9C41A4B69EA1749046E03082 /* Pods-PassHeap.debug.xcconfig */,
				C84181B9DC5587E11CB3C977 /* Pods-PassHeap.release.xcconfig */,
				9F43BF6D2F808398FC2A8113 /* Pods-PassHeap-PassHeapUITests.debug.xcconfig */,
				AE2D9889EB29ACAE6205D17B /* Pods-PassHeap-PassHeapUITests.release.xcconfig */,
				29E24BF5F2D88D0EE916C720 /* Pods-PassHeapTests.debug.xcconfig */,
				7B8385C59DD48F07F21797CF /* Pods-PassHeapTests.release.xcconfig */,
			);
			path = Pods;
			sourceTree = "<group>";
		};
		B1524455289941CB007F1C21 = {
			isa = PBXGroup;
			children = (
				B1524460289941CB007F1C21 /* PassHeap */,
				B152447A289941CD007F1C21 /* PassHeapTests */,
				B1524484289941CD007F1C21 /* PassHeapUITests */,
				B152445F289941CB007F1C21 /* Products */,
				8CC506CDA4CF5540980CA65E /* Pods */,
				F2D2BCF9FC4DC99A83BBCD66 /* Frameworks */,
			);
			sourceTree = "<group>";
		};
		B152445F289941CB007F1C21 /* Products */ = {
			isa = PBXGroup;
			children = (
				B152445E289941CB007F1C21 /* PassHeap.app */,
				B1524477289941CD007F1C21 /* PassHeapTests.xctest */,
				B1524481289941CD007F1C21 /* PassHeapUITests.xctest */,
			);
			name = Products;
			sourceTree = "<group>";
		};
		B1524460289941CB007F1C21 /* PassHeap */ = {
			isa = PBXGroup;
			children = (
				B1524461289941CB007F1C21 /* AppDelegate.swift */,
				B1524463289941CB007F1C21 /* SceneDelegate.swift */,
				B1524465289941CB007F1C21 /* ViewController.swift */,
				B1524467289941CB007F1C21 /* Main.storyboard */,
				B152446D289941CC007F1C21 /* Assets.xcassets */,
				B152446F289941CC007F1C21 /* LaunchScreen.storyboard */,
				B1524472289941CC007F1C21 /* Info.plist */,
				B152446A289941CB007F1C21 /* PassHeap.xcdatamodeld */,
			);
			path = PassHeap;
			sourceTree = "<group>";
		};
		B152447A289941CD007F1C21 /* PassHeapTests */ = {
			isa = PBXGroup;
			children = (
				B152447B289941CD007F1C21 /* PassHeapTests.swift */,
			);
			path = PassHeapTests;
			sourceTree = "<group>";
		};
		B1524484289941CD007F1C21 /* PassHeapUITests */ = {
			isa = PBXGroup;
			children = (
				B1524485289941CD007F1C21 /* PassHeapUITests.swift */,
				B1524487289941CD007F1C21 /* PassHeapUITestsLaunchTests.swift */,
			);
			path = PassHeapUITests;
			sourceTree = "<group>";
		};
		F2D2BCF9FC4DC99A83BBCD66 /* Frameworks */ = {
			isa = PBXGroup;
			children = (
				E2C78B8577F61FCCCDC73B10 /* Pods_PassHeap.framework */,
				6E58A7B38757B07F9341B766 /* Pods_PassHeap_PassHeapUITests.framework */,
				31914C5D52983A1D50360522 /* Pods_PassHeapTests.framework */,
			);
			name = Frameworks;
			sourceTree = "<group>";
		};
/* End PBXGroup section */

/* Begin PBXNativeTarget section */
		B152445D289941CB007F1C21 /* PassHeap */ = {
			isa = PBXNativeTarget;
			buildConfigurationList = B152448B289941CD007F1C21 /* Build configuration list for PBXNativeTarget "PassHeap" */;
			buildPhases = (
				B1524494289942B5007F1C21 /* ShellScript */,
				8102F742FF54AF33B8A7F8F6 /* [CP] Check Pods Manifest.lock */,
				B152445A289941CB007F1C21 /* Sources */,
				B152445B289941CB007F1C21 /* Frameworks */,
				B152445C289941CB007F1C21 /* Resources */,
			);
			buildRules = (
			);
			dependencies = (
			);
			name = PassHeap;
			productName = PassHeap;
			productReference = B152445E289941CB007F1C21 /* PassHeap.app */;
			productType = "com.apple.product-type.application";
		};
		B1524476289941CD007F1C21 /* PassHeapTests */ = {
			isa = PBXNativeTarget;
			buildConfigurationList = B152448E289941CD007F1C21 /* Build configuration list for PBXNativeTarget "PassHeapTests" */;
			buildPhases = (
				FA5ABE9B67819A4C61C26E3A /* [CP] Check Pods Manifest.lock */,
				B1524473289941CD007F1C21 /* Sources */,
				B1524474289941CD007F1C21 /* Frameworks */,
				B1524475289941CD007F1C21 /* Resources */,
			);
			buildRules = (
			);
			dependencies = (
				B1524479289941CD007F1C21 /* PBXTargetDependency */,
			);
			name = PassHeapTests;
			productName = PassHeapTests;
			productReference = B1524477289941CD007F1C21 /* PassHeapTests.xctest */;
			productType = "com.apple.product-type.bundle.unit-test";
		};
		B1524480289941CD007F1C21 /* PassHeapUITests */ = {
			isa = PBXNativeTarget;
			buildConfigurationList = B1524491289941CD007F1C21 /* Build configuration list for PBXNativeTarget "PassHeapUITests" */;
			buildPhases = (
				653B812B62561957BC6CBDC3 /* [CP] Check Pods Manifest.lock */,
				B152447D289941CD007F1C21 /* Sources */,
				B152447E289941CD007F1C21 /* Frameworks */,
				B152447F289941CD007F1C21 /* Resources */,
			);
			buildRules = (
			);
			dependencies = (
				B1524483289941CD007F1C21 /* PBXTargetDependency */,
			);
			name = PassHeapUITests;
			productName = PassHeapUITests;
			productReference = B1524481289941CD007F1C21 /* PassHeapUITests.xctest */;
			productType = "com.apple.product-type.bundle.ui-testing";
		};
/* End PBXNativeTarget section */

/* Begin PBXProject section */
		B1524456289941CB007F1C21 /* Project object */ = {
			isa = PBXProject;
			attributes = {
				BuildIndependentTargetsInParallel = 1;
				LastSwiftUpdateCheck = 1340;
				LastUpgradeCheck = 1340;
				TargetAttributes = {
					B152445D289941CB007F1C21 = {
						CreatedOnToolsVersion = 13.4.1;
					};
					B1524476289941CD007F1C21 = {
						CreatedOnToolsVersion = 13.4.1;
						TestTargetID = B152445D289941CB007F1C21;
					};
					B1524480289941CD007F1C21 = {
						CreatedOnToolsVersion = 13.4.1;
						TestTargetID = B152445D289941CB007F1C21;
					};
				};
			};
			buildConfigurationList = B1524459289941CB007F1C21 /* Build configuration list for PBXProject "PassHeap" */;
			compatibilityVersion = "Xcode 13.0";
			developmentRegion = en;
			hasScannedForEncodings = 0;
			knownRegions = (
				en,
				Base,
			);
			mainGroup = B1524455289941CB007F1C21;
			productRefGroup = B152445F289941CB007F1C21 /* Products */;
			projectDirPath = "";
			projectRoot = "";
			targets = (
				B152445D289941CB007F1C21 /* PassHeap */,
				B1524476289941CD007F1C21 /* PassHeapTests */,
				B1524480289941CD007F1C21 /* PassHeapUITests */,
			);
		};
/* End PBXProject section */

/* Begin PBXResourcesBuildPhase section */
		B152445C289941CB007F1C21 /* Resources */ = {
			isa = PBXResourcesBuildPhase;
			buildActionMask = 2147483647;
			files = (
				B1524471289941CC007F1C21 /* LaunchScreen.storyboard in Resources */,
				B152446E289941CC007F1C21 /* Assets.xcassets in Resources */,
				B1524469289941CB007F1C21 /* Main.storyboard in Resources */,
			);
			runOnlyForDeploymentPostprocessing = 0;
		};
		B1524475289941CD007F1C21 /* Resources */ = {
			isa = PBXResourcesBuildPhase;
			buildActionMask = 2147483647;
			files = (
			);
			runOnlyForDeploymentPostprocessing = 0;
		};
		B152447F289941CD007F1C21 /* Resources */ = {
			isa = PBXResourcesBuildPhase;
			buildActionMask = 2147483647;
			files = (
			);
			runOnlyForDeploymentPostprocessing = 0;
		};
/* End PBXResourcesBuildPhase section */

/* Begin PBXShellScriptBuildPhase section */
		653B812B62561957BC6CBDC3 /* [CP] Check Pods Manifest.lock */ = {
			isa = PBXShellScriptBuildPhase;
			buildActionMask = 2147483647;
			files = (
			);
			inputFileListPaths = (
			);
			inputPaths = (
				"${PODS_PODFILE_DIR_PATH}/Podfile.lock",
				"${PODS_ROOT}/Manifest.lock",
			);
			name = "[CP] Check Pods Manifest.lock";
			outputFileListPaths = (
			);
			outputPaths = (
				"$(DERIVED_FILE_DIR)/Pods-PassHeap-PassHeapUITests-checkManifestLockResult.txt",
			);
			runOnlyForDeploymentPostprocessing = 0;
			shellPath = /bin/sh;
			shellScript = "diff \"${PODS_PODFILE_DIR_PATH}/Podfile.lock\" \"${PODS_ROOT}/Manifest.lock\" > /dev/null\nif [ $? != 0 ] ; then\n    # print error to STDERR\n    echo \"error: The sandbox is not in sync with the Podfile.lock. Run 'pod install' or update your CocoaPods installation.\" >&2\n    exit 1\nfi\n# This output is used by Xcode 'outputs' to avoid re-running this script phase.\necho \"SUCCESS\" > \"${SCRIPT_OUTPUT_FILE_0}\"\n";
			showEnvVarsInLog = 0;
		};
		8102F742FF54AF33B8A7F8F6 /* [CP] Check Pods Manifest.lock */ = {
			isa = PBXShellScriptBuildPhase;
			buildActionMask = 2147483647;
			files = (
			);
			inputFileListPaths = (
			);
			inputPaths = (
				"${PODS_PODFILE_DIR_PATH}/Podfile.lock",
				"${PODS_ROOT}/Manifest.lock",
			);
			name = "[CP] Check Pods Manifest.lock";
			outputFileListPaths = (
			);
			outputPaths = (
				"$(DERIVED_FILE_DIR)/Pods-PassHeap-checkManifestLockResult.txt",
			);
			runOnlyForDeploymentPostprocessing = 0;
			shellPath = /bin/sh;
			shellScript = "diff \"${PODS_PODFILE_DIR_PATH}/Podfile.lock\" \"${PODS_ROOT}/Manifest.lock\" > /dev/null\nif [ $? != 0 ] ; then\n    # print error to STDERR\n    echo \"error: The sandbox is not in sync with the Podfile.lock. Run 'pod install' or update your CocoaPods installation.\" >&2\n    exit 1\nfi\n# This output is used by Xcode 'outputs' to avoid re-running this script phase.\necho \"SUCCESS\" > \"${SCRIPT_OUTPUT_FILE_0}\"\n";
			showEnvVarsInLog = 0;
		};
		B1524494289942B5007F1C21 /* ShellScript */ = {
			isa = PBXShellScriptBuildPhase;
			buildActionMask = 2147483647;
			files = (
			);
			inputFileListPaths = (
			);
			inputPaths = (
			);
			outputFileListPaths = (
			);
			outputPaths = (
			);
			runOnlyForDeploymentPostprocessing = 0;
			shellPath = /bin/sh;
			shellScript = "# Type a script or drag a script file from your workspace to insert its path.\n\"${PODS_ROOT}/SwiftLint/swiftlint\"\n";
		};
		FA5ABE9B67819A4C61C26E3A /* [CP] Check Pods Manifest.lock */ = {
			isa = PBXShellScriptBuildPhase;
			buildActionMask = 2147483647;
			files = (
			);
			inputFileListPaths = (
			);
			inputPaths = (
				"${PODS_PODFILE_DIR_PATH}/Podfile.lock",
				"${PODS_ROOT}/Manifest.lock",
			);
			name = "[CP] Check Pods Manifest.lock";
			outputFileListPaths = (
			);
			outputPaths = (
				"$(DERIVED_FILE_DIR)/Pods-PassHeapTests-checkManifestLockResult.txt",
			);
			runOnlyForDeploymentPostprocessing = 0;
			shellPath = /bin/sh;
			shellScript = "diff \"${PODS_PODFILE_DIR_PATH}/Podfile.lock\" \"${PODS_ROOT}/Manifest.lock\" > /dev/null\nif [ $? != 0 ] ; then\n    # print error to STDERR\n    echo \"error: The sandbox is not in sync with the Podfile.lock. Run 'pod install' or update your CocoaPods installation.\" >&2\n    exit 1\nfi\n# This output is used by Xcode 'outputs' to avoid re-running this script phase.\necho \"SUCCESS\" > \"${SCRIPT_OUTPUT_FILE_0}\"\n";
			showEnvVarsInLog = 0;
		};
/* End PBXShellScriptBuildPhase section */

/* Begin PBXSourcesBuildPhase section */
		B152445A289941CB007F1C21 /* Sources */ = {
			isa = PBXSourcesBuildPhase;
			buildActionMask = 2147483647;
			files = (
				B1524466289941CB007F1C21 /* ViewController.swift in Sources */,
				B1524462289941CB007F1C21 /* AppDelegate.swift in Sources */,
				B152446C289941CB007F1C21 /* PassHeap.xcdatamodeld in Sources */,
				B1524464289941CB007F1C21 /* SceneDelegate.swift in Sources */,
			);
			runOnlyForDeploymentPostprocessing = 0;
		};
		B1524473289941CD007F1C21 /* Sources */ = {
			isa = PBXSourcesBuildPhase;
			buildActionMask = 2147483647;
			files = (
				B152447C289941CD007F1C21 /* PassHeapTests.swift in Sources */,
			);
			runOnlyForDeploymentPostprocessing = 0;
		};
		B152447D289941CD007F1C21 /* Sources */ = {
			isa = PBXSourcesBuildPhase;
			buildActionMask = 2147483647;
			files = (
				B1524488289941CD007F1C21 /* PassHeapUITestsLaunchTests.swift in Sources */,
				B1524486289941CD007F1C21 /* PassHeapUITests.swift in Sources */,
			);
			runOnlyForDeploymentPostprocessing = 0;
		};
/* End PBXSourcesBuildPhase section */

/* Begin PBXTargetDependency section */
		B1524479289941CD007F1C21 /* PBXTargetDependency */ = {
			isa = PBXTargetDependency;
			target = B152445D289941CB007F1C21 /* PassHeap */;
			targetProxy = B1524478289941CD007F1C21 /* PBXContainerItemProxy */;
		};
		B1524483289941CD007F1C21 /* PBXTargetDependency */ = {
			isa = PBXTargetDependency;
			target = B152445D289941CB007F1C21 /* PassHeap */;
			targetProxy = B1524482289941CD007F1C21 /* PBXContainerItemProxy */;
		};
/* End PBXTargetDependency section */

/* Begin PBXVariantGroup section */
		B1524467289941CB007F1C21 /* Main.storyboard */ = {
			isa = PBXVariantGroup;
			children = (
				B1524468289941CB007F1C21 /* Base */,
			);
			name = Main.storyboard;
			sourceTree = "<group>";
		};
		B152446F289941CC007F1C21 /* LaunchScreen.storyboard */ = {
			isa = PBXVariantGroup;
			children = (
				B1524470289941CC007F1C21 /* Base */,
			);
			name = LaunchScreen.storyboard;
			sourceTree = "<group>";
		};
/* End PBXVariantGroup section */

/* Begin XCBuildConfiguration section */
		B1524489289941CD007F1C21 /* Debug */ = {
			isa = XCBuildConfiguration;
			buildSettings = {
				ALWAYS_SEARCH_USER_PATHS = NO;
				CLANG_ANALYZER_NONNULL = YES;
				CLANG_ANALYZER_NUMBER_OBJECT_CONVERSION = YES_AGGRESSIVE;
				CLANG_CXX_LANGUAGE_STANDARD = "gnu++17";
				CLANG_ENABLE_MODULES = YES;
				CLANG_ENABLE_OBJC_ARC = YES;
				CLANG_ENABLE_OBJC_WEAK = YES;
				CLANG_WARN_BLOCK_CAPTURE_AUTORELEASING = YES;
				CLANG_WARN_BOOL_CONVERSION = YES;
				CLANG_WARN_COMMA = YES;
				CLANG_WARN_CONSTANT_CONVERSION = YES;
				CLANG_WARN_DEPRECATED_OBJC_IMPLEMENTATIONS = YES;
				CLANG_WARN_DIRECT_OBJC_ISA_USAGE = YES_ERROR;
				CLANG_WARN_DOCUMENTATION_COMMENTS = YES;
				CLANG_WARN_EMPTY_BODY = YES;
				CLANG_WARN_ENUM_CONVERSION = YES;
				CLANG_WARN_INFINITE_RECURSION = YES;
				CLANG_WARN_INT_CONVERSION = YES;
				CLANG_WARN_NON_LITERAL_NULL_CONVERSION = YES;
				CLANG_WARN_OBJC_IMPLICIT_RETAIN_SELF = YES;
				CLANG_WARN_OBJC_LITERAL_CONVERSION = YES;
				CLANG_WARN_OBJC_ROOT_CLASS = YES_ERROR;
				CLANG_WARN_QUOTED_INCLUDE_IN_FRAMEWORK_HEADER = YES;
				CLANG_WARN_RANGE_LOOP_ANALYSIS = YES;
				CLANG_WARN_STRICT_PROTOTYPES = YES;
				CLANG_WARN_SUSPICIOUS_MOVE = YES;
				CLANG_WARN_UNGUARDED_AVAILABILITY = YES_AGGRESSIVE;
				CLANG_WARN_UNREACHABLE_CODE = YES;
				CLANG_WARN__DUPLICATE_METHOD_MATCH = YES;
				COPY_PHASE_STRIP = NO;
				DEBUG_INFORMATION_FORMAT = dwarf;
				ENABLE_STRICT_OBJC_MSGSEND = YES;
				ENABLE_TESTABILITY = YES;
				GCC_C_LANGUAGE_STANDARD = gnu11;
				GCC_DYNAMIC_NO_PIC = NO;
				GCC_NO_COMMON_BLOCKS = YES;
				GCC_OPTIMIZATION_LEVEL = 0;
				GCC_PREPROCESSOR_DEFINITIONS = (
					"DEBUG=1",
					"$(inherited)",
				);
				GCC_WARN_64_TO_32_BIT_CONVERSION = YES;
				GCC_WARN_ABOUT_RETURN_TYPE = YES_ERROR;
				GCC_WARN_UNDECLARED_SELECTOR = YES;
				GCC_WARN_UNINITIALIZED_AUTOS = YES_AGGRESSIVE;
				GCC_WARN_UNUSED_FUNCTION = YES;
				GCC_WARN_UNUSED_VARIABLE = YES;
				IPHONEOS_DEPLOYMENT_TARGET = 15.5;
				MTL_ENABLE_DEBUG_INFO = INCLUDE_SOURCE;
				MTL_FAST_MATH = YES;
				ONLY_ACTIVE_ARCH = YES;
				SDKROOT = iphoneos;
				SWIFT_ACTIVE_COMPILATION_CONDITIONS = DEBUG;
				SWIFT_OPTIMIZATION_LEVEL = "-Onone";
			};
			name = Debug;
		};
		B152448A289941CD007F1C21 /* Release */ = {
			isa = XCBuildConfiguration;
			buildSettings = {
				ALWAYS_SEARCH_USER_PATHS = NO;
				CLANG_ANALYZER_NONNULL = YES;
				CLANG_ANALYZER_NUMBER_OBJECT_CONVERSION = YES_AGGRESSIVE;
				CLANG_CXX_LANGUAGE_STANDARD = "gnu++17";
				CLANG_ENABLE_MODULES = YES;
				CLANG_ENABLE_OBJC_ARC = YES;
				CLANG_ENABLE_OBJC_WEAK = YES;
				CLANG_WARN_BLOCK_CAPTURE_AUTORELEASING = YES;
				CLANG_WARN_BOOL_CONVERSION = YES;
				CLANG_WARN_COMMA = YES;
				CLANG_WARN_CONSTANT_CONVERSION = YES;
				CLANG_WARN_DEPRECATED_OBJC_IMPLEMENTATIONS = YES;
				CLANG_WARN_DIRECT_OBJC_ISA_USAGE = YES_ERROR;
				CLANG_WARN_DOCUMENTATION_COMMENTS = YES;
				CLANG_WARN_EMPTY_BODY = YES;
				CLANG_WARN_ENUM_CONVERSION = YES;
				CLANG_WARN_INFINITE_RECURSION = YES;
				CLANG_WARN_INT_CONVERSION = YES;
				CLANG_WARN_NON_LITERAL_NULL_CONVERSION = YES;
				CLANG_WARN_OBJC_IMPLICIT_RETAIN_SELF = YES;
				CLANG_WARN_OBJC_LITERAL_CONVERSION = YES;
				CLANG_WARN_OBJC_ROOT_CLASS = YES_ERROR;
				CLANG_WARN_QUOTED_INCLUDE_IN_FRAMEWORK_HEADER = YES;
				CLANG_WARN_RANGE_LOOP_ANALYSIS = YES;
				CLANG_WARN_STRICT_PROTOTYPES = YES;
				CLANG_WARN_SUSPICIOUS_MOVE = YES;
				CLANG_WARN_UNGUARDED_AVAILABILITY = YES_AGGRESSIVE;
				CLANG_WARN_UNREACHABLE_CODE = YES;
				CLANG_WARN__DUPLICATE_METHOD_MATCH = YES;
				COPY_PHASE_STRIP = NO;
				DEBUG_INFORMATION_FORMAT = "dwarf-with-dsym";
				ENABLE_NS_ASSERTIONS = NO;
				ENABLE_STRICT_OBJC_MSGSEND = YES;
				GCC_C_LANGUAGE_STANDARD = gnu11;
				GCC_NO_COMMON_BLOCKS = YES;
				GCC_WARN_64_TO_32_BIT_CONVERSION = YES;
				GCC_WARN_ABOUT_RETURN_TYPE = YES_ERROR;
				GCC_WARN_UNDECLARED_SELECTOR = YES;
				GCC_WARN_UNINITIALIZED_AUTOS = YES_AGGRESSIVE;
				GCC_WARN_UNUSED_FUNCTION = YES;
				GCC_WARN_UNUSED_VARIABLE = YES;
				IPHONEOS_DEPLOYMENT_TARGET = 15.5;
				MTL_ENABLE_DEBUG_INFO = NO;
				MTL_FAST_MATH = YES;
				SDKROOT = iphoneos;
				SWIFT_COMPILATION_MODE = wholemodule;
				SWIFT_OPTIMIZATION_LEVEL = "-O";
				VALIDATE_PRODUCT = YES;
			};
			name = Release;
		};
		B152448C289941CD007F1C21 /* Debug */ = {
			isa = XCBuildConfiguration;
			baseConfigurationReference = 9C41A4B69EA1749046E03082 /* Pods-PassHeap.debug.xcconfig */;
			buildSettings = {
				ASSETCATALOG_COMPILER_APPICON_NAME = AppIcon;
				ASSETCATALOG_COMPILER_GLOBAL_ACCENT_COLOR_NAME = AccentColor;
				CODE_SIGN_STYLE = Automatic;
				CURRENT_PROJECT_VERSION = 1;
				DEVELOPMENT_TEAM = XP393KGBW6;
				GENERATE_INFOPLIST_FILE = YES;
				INFOPLIST_FILE = PassHeap/Info.plist;
				INFOPLIST_KEY_UIApplicationSupportsIndirectInputEvents = YES;
				INFOPLIST_KEY_UILaunchStoryboardName = LaunchScreen;
				INFOPLIST_KEY_UIMainStoryboardFile = Main;
				INFOPLIST_KEY_UISupportedInterfaceOrientations_iPad = "UIInterfaceOrientationPortrait UIInterfaceOrientationPortraitUpsideDown UIInterfaceOrientationLandscapeLeft UIInterfaceOrientationLandscapeRight";
				INFOPLIST_KEY_UISupportedInterfaceOrientations_iPhone = "UIInterfaceOrientationPortrait UIInterfaceOrientationLandscapeLeft UIInterfaceOrientationLandscapeRight";
				IPHONEOS_DEPLOYMENT_TARGET = 13.0;
				LD_RUNPATH_SEARCH_PATHS = (
					"$(inherited)",
					"@executable_path/Frameworks",
				);
				MARKETING_VERSION = 1.0;
				PRODUCT_BUNDLE_IDENTIFIER = ru.rtfmn.PassHeap;
				PRODUCT_NAME = "$(TARGET_NAME)";
				SWIFT_EMIT_LOC_STRINGS = YES;
				SWIFT_VERSION = 5.0;
				TARGETED_DEVICE_FAMILY = "1,2";
			};
			name = Debug;
		};
		B152448D289941CD007F1C21 /* Release */ = {
			isa = XCBuildConfiguration;
			baseConfigurationReference = C84181B9DC5587E11CB3C977 /* Pods-PassHeap.release.xcconfig */;
			buildSettings = {
				ASSETCATALOG_COMPILER_APPICON_NAME = AppIcon;
				ASSETCATALOG_COMPILER_GLOBAL_ACCENT_COLOR_NAME = AccentColor;
				CODE_SIGN_STYLE = Automatic;
				CURRENT_PROJECT_VERSION = 1;
				DEVELOPMENT_TEAM = XP393KGBW6;
				GENERATE_INFOPLIST_FILE = YES;
				INFOPLIST_FILE = PassHeap/Info.plist;
				INFOPLIST_KEY_UIApplicationSupportsIndirectInputEvents = YES;
				INFOPLIST_KEY_UILaunchStoryboardName = LaunchScreen;
				INFOPLIST_KEY_UIMainStoryboardFile = Main;
				INFOPLIST_KEY_UISupportedInterfaceOrientations_iPad = "UIInterfaceOrientationPortrait UIInterfaceOrientationPortraitUpsideDown UIInterfaceOrientationLandscapeLeft UIInterfaceOrientationLandscapeRight";
				INFOPLIST_KEY_UISupportedInterfaceOrientations_iPhone = "UIInterfaceOrientationPortrait UIInterfaceOrientationLandscapeLeft UIInterfaceOrientationLandscapeRight";
				IPHONEOS_DEPLOYMENT_TARGET = 13.0;
				LD_RUNPATH_SEARCH_PATHS = (
					"$(inherited)",
					"@executable_path/Frameworks",
				);
				MARKETING_VERSION = 1.0;
				PRODUCT_BUNDLE_IDENTIFIER = ru.rtfmn.PassHeap;
				PRODUCT_NAME = "$(TARGET_NAME)";
				SWIFT_EMIT_LOC_STRINGS = YES;
				SWIFT_VERSION = 5.0;
				TARGETED_DEVICE_FAMILY = "1,2";
			};
			name = Release;
		};
		B152448F289941CD007F1C21 /* Debug */ = {
			isa = XCBuildConfiguration;
			baseConfigurationReference = 29E24BF5F2D88D0EE916C720 /* Pods-PassHeapTests.debug.xcconfig */;
			buildSettings = {
				ALWAYS_EMBED_SWIFT_STANDARD_LIBRARIES = YES;
				BUNDLE_LOADER = "$(TEST_HOST)";
				CODE_SIGN_STYLE = Automatic;
				CURRENT_PROJECT_VERSION = 1;
				DEVELOPMENT_TEAM = XP393KGBW6;
				GENERATE_INFOPLIST_FILE = YES;
				IPHONEOS_DEPLOYMENT_TARGET = 15.5;
				MARKETING_VERSION = 1.0;
				PRODUCT_BUNDLE_IDENTIFIER = ru.rtfmn.PassHeapTests;
				PRODUCT_NAME = "$(TARGET_NAME)";
				SWIFT_EMIT_LOC_STRINGS = NO;
				SWIFT_VERSION = 5.0;
				TARGETED_DEVICE_FAMILY = "1,2";
				TEST_HOST = "$(BUILT_PRODUCTS_DIR)/PassHeap.app/PassHeap";
			};
			name = Debug;
		};
		B1524490289941CD007F1C21 /* Release */ = {
			isa = XCBuildConfiguration;
			baseConfigurationReference = 7B8385C59DD48F07F21797CF /* Pods-PassHeapTests.release.xcconfig */;
			buildSettings = {
				ALWAYS_EMBED_SWIFT_STANDARD_LIBRARIES = YES;
				BUNDLE_LOADER = "$(TEST_HOST)";
				CODE_SIGN_STYLE = Automatic;
				CURRENT_PROJECT_VERSION = 1;
				DEVELOPMENT_TEAM = XP393KGBW6;
				GENERATE_INFOPLIST_FILE = YES;
				IPHONEOS_DEPLOYMENT_TARGET = 15.5;
				MARKETING_VERSION = 1.0;
				PRODUCT_BUNDLE_IDENTIFIER = ru.rtfmn.PassHeapTests;
				PRODUCT_NAME = "$(TARGET_NAME)";
				SWIFT_EMIT_LOC_STRINGS = NO;
				SWIFT_VERSION = 5.0;
				TARGETED_DEVICE_FAMILY = "1,2";
				TEST_HOST = "$(BUILT_PRODUCTS_DIR)/PassHeap.app/PassHeap";
			};
			name = Release;
		};
		B1524492289941CD007F1C21 /* Debug */ = {
			isa = XCBuildConfiguration;
			baseConfigurationReference = 9F43BF6D2F808398FC2A8113 /* Pods-PassHeap-PassHeapUITests.debug.xcconfig */;
			buildSettings = {
				ALWAYS_EMBED_SWIFT_STANDARD_LIBRARIES = YES;
				CODE_SIGN_STYLE = Automatic;
				CURRENT_PROJECT_VERSION = 1;
				DEVELOPMENT_TEAM = XP393KGBW6;
				GENERATE_INFOPLIST_FILE = YES;
				MARKETING_VERSION = 1.0;
				PRODUCT_BUNDLE_IDENTIFIER = ru.rtfmn.PassHeapUITests;
				PRODUCT_NAME = "$(TARGET_NAME)";
				SWIFT_EMIT_LOC_STRINGS = NO;
				SWIFT_VERSION = 5.0;
				TARGETED_DEVICE_FAMILY = "1,2";
				TEST_TARGET_NAME = PassHeap;
			};
			name = Debug;
		};
		B1524493289941CD007F1C21 /* Release */ = {
			isa = XCBuildConfiguration;
			baseConfigurationReference = AE2D9889EB29ACAE6205D17B /* Pods-PassHeap-PassHeapUITests.release.xcconfig */;
			buildSettings = {
				ALWAYS_EMBED_SWIFT_STANDARD_LIBRARIES = YES;
				CODE_SIGN_STYLE = Automatic;
				CURRENT_PROJECT_VERSION = 1;
				DEVELOPMENT_TEAM = XP393KGBW6;
				GENERATE_INFOPLIST_FILE = YES;
				MARKETING_VERSION = 1.0;
				PRODUCT_BUNDLE_IDENTIFIER = ru.rtfmn.PassHeapUITests;
				PRODUCT_NAME = "$(TARGET_NAME)";
				SWIFT_EMIT_LOC_STRINGS = NO;
				SWIFT_VERSION = 5.0;
				TARGETED_DEVICE_FAMILY = "1,2";
				TEST_TARGET_NAME = PassHeap;
			};
			name = Release;
		};
/* End XCBuildConfiguration section */

/* Begin XCConfigurationList section */
		B1524459289941CB007F1C21 /* Build configuration list for PBXProject "PassHeap" */ = {
			isa = XCConfigurationList;
			buildConfigurations = (
				B1524489289941CD007F1C21 /* Debug */,
				B152448A289941CD007F1C21 /* Release */,
			);
			defaultConfigurationIsVisible = 0;
			defaultConfigurationName = Release;
		};
		B152448B289941CD007F1C21 /* Build configuration list for PBXNativeTarget "PassHeap" */ = {
			isa = XCConfigurationList;
			buildConfigurations = (
				B152448C289941CD007F1C21 /* Debug */,
				B152448D289941CD007F1C21 /* Release */,
			);
			defaultConfigurationIsVisible = 0;
			defaultConfigurationName = Release;
		};
		B152448E289941CD007F1C21 /* Build configuration list for PBXNativeTarget "PassHeapTests" */ = {
			isa = XCConfigurationList;
			buildConfigurations = (
				B152448F289941CD007F1C21 /* Debug */,
				B1524490289941CD007F1C21 /* Release */,
			);
			defaultConfigurationIsVisible = 0;
			defaultConfigurationName = Release;
		};
		B1524491289941CD007F1C21 /* Build configuration list for PBXNativeTarget "PassHeapUITests" */ = {
			isa = XCConfigurationList;
			buildConfigurations = (
				B1524492289941CD007F1C21 /* Debug */,
				B1524493289941CD007F1C21 /* Release */,
			);
			defaultConfigurationIsVisible = 0;
			defaultConfigurationName = Release;
		};
/* End XCConfigurationList section */

/* Begin XCVersionGroup section */
		B152446A289941CB007F1C21 /* PassHeap.xcdatamodeld */ = {
			isa = XCVersionGroup;
			children = (
				B152446B289941CB007F1C21 /* PassHeap.xcdatamodel */,
			);
			currentVersion = B152446B289941CB007F1C21 /* PassHeap.xcdatamodel */;
			path = PassHeap.xcdatamodeld;
			sourceTree = "<group>";
			versionGroupType = wrapper.xcdatamodel;
		};
/* End XCVersionGroup section */
	};
	rootObject = B1524456289941CB007F1C21 /* Project object */;
}
